
Microsoft Visual Studio Solution File, Format Version 12.00
# Visual Studio 15
Project("{FAE04EC0-301F-11D3-BF4B-00C04F79EFBC}") = "Assembly-CSharp", "Assembly-CSharp.csproj", "{1EB0CBA6-96F0-2EC9-AD6D-CCA9F2729CEB}"
EndProject
Global
	GlobalSection(SolutionConfigurationPlatforms) = preSolution
		Debug|Any CPU = Debug|Any CPU
		Release|Any CPU = Release|Any CPU
	EndGlobalSection
	GlobalSection(ProjectConfigurationPlatforms) = postSolution
		{1EB0CBA6-96F0-2EC9-AD6D-CCA9F2729CEB}.Debug|Any CPU.ActiveCfg = Debug|Any CPU
		{1EB0CBA6-96F0-2EC9-AD6D-CCA9F2729CEB}.Debug|Any CPU.Build.0 = Debug|Any CPU
		{1EB0CBA6-96F0-2EC9-AD6D-CCA9F2729CEB}.Release|Any CPU.ActiveCfg = Release|Any CPU
		{1EB0CBA6-96F0-2EC9-AD6D-CCA9F2729CEB}.Release|Any CPU.Build.0 = Release|Any CPU
	EndGlobalSection
	GlobalSection(SolutionProperties) = preSolution
		HideSolutionNode = FALSE
	EndGlobalSection
EndGlobal
